{
  "name": "generate",
  "lockfileVersion": 3,
  "requires": true,
  "packages": {
    "": {
      "dependencies": {
        "cli-spinners": "2.9.1"
      }
    },
    "node_modules/cli-spinners": {
      "version": "2.9.1",
      "resolved": "https://registry.npmjs.org/cli-spinners/-/cli-spinners-2.9.1.tgz",
      "integrity": "sha512-jHgecW0pxkonBJdrKsqxgRX9AcG+u/5k0Q7WPDfi8AogLAdwxEkyYYNWwZ5GvVFoFx2uiY1eNcSK00fh+1+FyQ==",
      "engines": {
        "node": ">=6"
      },
      "funding": {
        "url": "https://github.com/sponsors/sindresorhus"
      }
    }
  }
}
